
Microsoft Visual Studio Solution File, Format Version 12.00
# Visual Studio Version 17
VisualStudioVersion = 17.14.36518.9 d17.14
MinimumVisualStudioVersion = 10.0.40219.1
Project("{FAE04EC0-301F-11D3-BF4B-00C04F79EFBC}") = "EsercizioPrenotazioneViaggio", "EsercizioPrenotazioneViaggio.csproj", "{D8576D1B-6CA3-4776-A4F8-5FC234F515AF}"
EndProject
Global
	GlobalSection(SolutionConfigurationPlatforms) = preSolution
		Debug|Any CPU = Debug|Any CPU
		Release|Any CPU = Release|Any CPU
	EndGlobalSection
	GlobalSection(ProjectConfigurationPlatforms) = postSolution
		{D8576D1B-6CA3-4776-A4F8-5FC234F515AF}.Debug|Any CPU.ActiveCfg = Debug|Any CPU
		{D8576D1B-6CA3-4776-A4F8-5FC234F515AF}.Debug|Any CPU.Build.0 = Debug|Any CPU
		{D8576D1B-6CA3-4776-A4F8-5FC234F515AF}.Release|Any CPU.ActiveCfg = Release|Any CPU
		{D8576D1B-6CA3-4776-A4F8-5FC234F515AF}.Release|Any CPU.Build.0 = Release|Any CPU
	EndGlobalSection
	GlobalSection(SolutionProperties) = preSolution
		HideSolutionNode = FALSE
	EndGlobalSection
	GlobalSection(ExtensibilityGlobals) = postSolution
		SolutionGuid = {518DF43B-F41D-4DB4-AB87-EE0805BE9C4F}
	EndGlobalSection
EndGlobal
