
Microsoft Visual Studio Solution File, Format Version 12.00
# Visual Studio Version 17
VisualStudioVersion = 17.14.36603.0 d17.14
MinimumVisualStudioVersion = 10.0.40219.1
Project("{FAE04EC0-301F-11D3-BF4B-00C04F79EFBC}") = "Es_1_Method_Injection_AlertService", "Es_1_Method_Injection_AlertService\Es_1_Method_Injection_AlertService.csproj", "{F13BDABC-5A5E-4BEA-B166-EE669CC17E67}"
EndProject
Global
	GlobalSection(SolutionConfigurationPlatforms) = preSolution
		Debug|Any CPU = Debug|Any CPU
		Release|Any CPU = Release|Any CPU
	EndGlobalSection
	GlobalSection(ProjectConfigurationPlatforms) = postSolution
		{F13BDABC-5A5E-4BEA-B166-EE669CC17E67}.Debug|Any CPU.ActiveCfg = Debug|Any CPU
		{F13BDABC-5A5E-4BEA-B166-EE669CC17E67}.Debug|Any CPU.Build.0 = Debug|Any CPU
		{F13BDABC-5A5E-4BEA-B166-EE669CC17E67}.Release|Any CPU.ActiveCfg = Release|Any CPU
		{F13BDABC-5A5E-4BEA-B166-EE669CC17E67}.Release|Any CPU.Build.0 = Release|Any CPU
	EndGlobalSection
	GlobalSection(SolutionProperties) = preSolution
		HideSolutionNode = FALSE
	EndGlobalSection
	GlobalSection(ExtensibilityGlobals) = postSolution
		SolutionGuid = {F92B4867-2D12-487A-A846-51044854EDE2}
	EndGlobalSection
EndGlobal
