
Microsoft Visual Studio Solution File, Format Version 12.00
# Visual Studio Version 17
VisualStudioVersion = 17.14.36518.9 d17.14
MinimumVisualStudioVersion = 10.0.40219.1
Project("{FAE04EC0-301F-11D3-BF4B-00C04F79EFBC}") = "Es_Piatto", "Es_Piatto.csproj", "{B7FECB8D-C86C-46DC-8E80-38DEC3A5394D}"
EndProject
Global
	GlobalSection(SolutionConfigurationPlatforms) = preSolution
		Debug|Any CPU = Debug|Any CPU
		Release|Any CPU = Release|Any CPU
	EndGlobalSection
	GlobalSection(ProjectConfigurationPlatforms) = postSolution
		{B7FECB8D-C86C-46DC-8E80-38DEC3A5394D}.Debug|Any CPU.ActiveCfg = Debug|Any CPU
		{B7FECB8D-C86C-46DC-8E80-38DEC3A5394D}.Debug|Any CPU.Build.0 = Debug|Any CPU
		{B7FECB8D-C86C-46DC-8E80-38DEC3A5394D}.Release|Any CPU.ActiveCfg = Release|Any CPU
		{B7FECB8D-C86C-46DC-8E80-38DEC3A5394D}.Release|Any CPU.Build.0 = Release|Any CPU
	EndGlobalSection
	GlobalSection(SolutionProperties) = preSolution
		HideSolutionNode = FALSE
	EndGlobalSection
	GlobalSection(ExtensibilityGlobals) = postSolution
		SolutionGuid = {AF98ED95-BBDE-4964-A376-0E4CE2F70CEE}
	EndGlobalSection
EndGlobal
