
Microsoft Visual Studio Solution File, Format Version 12.00
# Visual Studio Version 17
VisualStudioVersion = 17.14.36603.0 d17.14
MinimumVisualStudioVersion = 10.0.40219.1
Project("{FAE04EC0-301F-11D3-BF4B-00C04F79EFBC}") = "Es_Dictionary_3Esercizi", "Es_Dictionary_3Esercizi\Es_Dictionary_3Esercizi.csproj", "{6224BD0A-7516-4FB8-8BF2-9E0FBEBB4C7C}"
EndProject
Global
	GlobalSection(SolutionConfigurationPlatforms) = preSolution
		Debug|Any CPU = Debug|Any CPU
		Release|Any CPU = Release|Any CPU
	EndGlobalSection
	GlobalSection(ProjectConfigurationPlatforms) = postSolution
		{6224BD0A-7516-4FB8-8BF2-9E0FBEBB4C7C}.Debug|Any CPU.ActiveCfg = Debug|Any CPU
		{6224BD0A-7516-4FB8-8BF2-9E0FBEBB4C7C}.Debug|Any CPU.Build.0 = Debug|Any CPU
		{6224BD0A-7516-4FB8-8BF2-9E0FBEBB4C7C}.Release|Any CPU.ActiveCfg = Release|Any CPU
		{6224BD0A-7516-4FB8-8BF2-9E0FBEBB4C7C}.Release|Any CPU.Build.0 = Release|Any CPU
	EndGlobalSection
	GlobalSection(SolutionProperties) = preSolution
		HideSolutionNode = FALSE
	EndGlobalSection
	GlobalSection(ExtensibilityGlobals) = postSolution
		SolutionGuid = {3C15034C-D092-4A8C-8E7C-4587C57AAEEA}
	EndGlobalSection
EndGlobal
