
Microsoft Visual Studio Solution File, Format Version 12.00
# Visual Studio Version 17
VisualStudioVersion = 17.14.36518.9 d17.14
MinimumVisualStudioVersion = 10.0.40219.1
Project("{FAE04EC0-301F-11D3-BF4B-00C04F79EFBC}") = "Es_Configurazione", "Es_Configurazione.csproj", "{EF362508-ADE3-47BC-854E-F5CB00F35E56}"
EndProject
Global
	GlobalSection(SolutionConfigurationPlatforms) = preSolution
		Debug|Any CPU = Debug|Any CPU
		Release|Any CPU = Release|Any CPU
	EndGlobalSection
	GlobalSection(ProjectConfigurationPlatforms) = postSolution
		{EF362508-ADE3-47BC-854E-F5CB00F35E56}.Debug|Any CPU.ActiveCfg = Debug|Any CPU
		{EF362508-ADE3-47BC-854E-F5CB00F35E56}.Debug|Any CPU.Build.0 = Debug|Any CPU
		{EF362508-ADE3-47BC-854E-F5CB00F35E56}.Release|Any CPU.ActiveCfg = Release|Any CPU
		{EF362508-ADE3-47BC-854E-F5CB00F35E56}.Release|Any CPU.Build.0 = Release|Any CPU
	EndGlobalSection
	GlobalSection(SolutionProperties) = preSolution
		HideSolutionNode = FALSE
	EndGlobalSection
	GlobalSection(ExtensibilityGlobals) = postSolution
		SolutionGuid = {28C9C395-28AC-4797-8BE3-2795E11E0375}
	EndGlobalSection
EndGlobal
