
Microsoft Visual Studio Solution File, Format Version 12.00
# Visual Studio Version 17
VisualStudioVersion = 17.14.36603.0 d17.14
MinimumVisualStudioVersion = 10.0.40219.1
Project("{FAE04EC0-301F-11D3-BF4B-00C04F79EFBC}") = "Es_2_Dependency_Injection_Payment", "Es_2_Dependency_Injection_Payment\Es_2_Dependency_Injection_Payment.csproj", "{DA24B08C-0891-40B3-AA70-024B86BD9019}"
EndProject
Global
	GlobalSection(SolutionConfigurationPlatforms) = preSolution
		Debug|Any CPU = Debug|Any CPU
		Release|Any CPU = Release|Any CPU
	EndGlobalSection
	GlobalSection(ProjectConfigurationPlatforms) = postSolution
		{DA24B08C-0891-40B3-AA70-024B86BD9019}.Debug|Any CPU.ActiveCfg = Debug|Any CPU
		{DA24B08C-0891-40B3-AA70-024B86BD9019}.Debug|Any CPU.Build.0 = Debug|Any CPU
		{DA24B08C-0891-40B3-AA70-024B86BD9019}.Release|Any CPU.ActiveCfg = Release|Any CPU
		{DA24B08C-0891-40B3-AA70-024B86BD9019}.Release|Any CPU.Build.0 = Release|Any CPU
	EndGlobalSection
	GlobalSection(SolutionProperties) = preSolution
		HideSolutionNode = FALSE
	EndGlobalSection
	GlobalSection(ExtensibilityGlobals) = postSolution
		SolutionGuid = {7D4D7C59-01C5-4E14-A5F2-4660872EFC0D}
	EndGlobalSection
EndGlobal
