
Microsoft Visual Studio Solution File, Format Version 12.00
# Visual Studio Version 17
VisualStudioVersion = 17.14.36603.0 d17.14
MinimumVisualStudioVersion = 10.0.40219.1
Project("{FAE04EC0-301F-11D3-BF4B-00C04F79EFBC}") = "Es_2_Enum_LivelloAccesso", "Es_2_Enum_LivelloAccesso\Es_2_Enum_LivelloAccesso.csproj", "{49314550-28DB-4A5E-833E-3D3E11E87A5D}"
EndProject
Global
	GlobalSection(SolutionConfigurationPlatforms) = preSolution
		Debug|Any CPU = Debug|Any CPU
		Release|Any CPU = Release|Any CPU
	EndGlobalSection
	GlobalSection(ProjectConfigurationPlatforms) = postSolution
		{49314550-28DB-4A5E-833E-3D3E11E87A5D}.Debug|Any CPU.ActiveCfg = Debug|Any CPU
		{49314550-28DB-4A5E-833E-3D3E11E87A5D}.Debug|Any CPU.Build.0 = Debug|Any CPU
		{49314550-28DB-4A5E-833E-3D3E11E87A5D}.Release|Any CPU.ActiveCfg = Release|Any CPU
		{49314550-28DB-4A5E-833E-3D3E11E87A5D}.Release|Any CPU.Build.0 = Release|Any CPU
	EndGlobalSection
	GlobalSection(SolutionProperties) = preSolution
		HideSolutionNode = FALSE
	EndGlobalSection
	GlobalSection(ExtensibilityGlobals) = postSolution
		SolutionGuid = {9479CE65-2918-4559-8E06-D5C0CFFCCCD0}
	EndGlobalSection
EndGlobal
