
Microsoft Visual Studio Solution File, Format Version 12.00
# Visual Studio Version 17
VisualStudioVersion = 17.14.36603.0 d17.14
MinimumVisualStudioVersion = 10.0.40219.1
Project("{FAE04EC0-301F-11D3-BF4B-00C04F79EFBC}") = "Es_3_Delegate_Factory_DInjection", "Es_3_Delegate_Factory_DInjection\Es_3_Delegate_Factory_DInjection.csproj", "{66285BE9-B30A-4A5A-A782-776FA286DF0C}"
EndProject
Global
	GlobalSection(SolutionConfigurationPlatforms) = preSolution
		Debug|Any CPU = Debug|Any CPU
		Release|Any CPU = Release|Any CPU
	EndGlobalSection
	GlobalSection(ProjectConfigurationPlatforms) = postSolution
		{66285BE9-B30A-4A5A-A782-776FA286DF0C}.Debug|Any CPU.ActiveCfg = Debug|Any CPU
		{66285BE9-B30A-4A5A-A782-776FA286DF0C}.Debug|Any CPU.Build.0 = Debug|Any CPU
		{66285BE9-B30A-4A5A-A782-776FA286DF0C}.Release|Any CPU.ActiveCfg = Release|Any CPU
		{66285BE9-B30A-4A5A-A782-776FA286DF0C}.Release|Any CPU.Build.0 = Release|Any CPU
	EndGlobalSection
	GlobalSection(SolutionProperties) = preSolution
		HideSolutionNode = FALSE
	EndGlobalSection
	GlobalSection(ExtensibilityGlobals) = postSolution
		SolutionGuid = {1DB2153A-4869-4C9A-A034-6FA01047C1E5}
	EndGlobalSection
EndGlobal
