
Microsoft Visual Studio Solution File, Format Version 12.00
# Visual Studio Version 17
VisualStudioVersion = 17.14.36603.0 d17.14
MinimumVisualStudioVersion = 10.0.40219.1
Project("{FAE04EC0-301F-11D3-BF4B-00C04F79EFBC}") = "Es_1_Setter_Injection_Printer", "Es_1_Setter_Injection_Printer\Es_1_Setter_Injection_Printer.csproj", "{B7026169-E212-418D-87FC-51C5E369036A}"
EndProject
Global
	GlobalSection(SolutionConfigurationPlatforms) = preSolution
		Debug|Any CPU = Debug|Any CPU
		Release|Any CPU = Release|Any CPU
	EndGlobalSection
	GlobalSection(ProjectConfigurationPlatforms) = postSolution
		{B7026169-E212-418D-87FC-51C5E369036A}.Debug|Any CPU.ActiveCfg = Debug|Any CPU
		{B7026169-E212-418D-87FC-51C5E369036A}.Debug|Any CPU.Build.0 = Debug|Any CPU
		{B7026169-E212-418D-87FC-51C5E369036A}.Release|Any CPU.ActiveCfg = Release|Any CPU
		{B7026169-E212-418D-87FC-51C5E369036A}.Release|Any CPU.Build.0 = Release|Any CPU
	EndGlobalSection
	GlobalSection(SolutionProperties) = preSolution
		HideSolutionNode = FALSE
	EndGlobalSection
	GlobalSection(ExtensibilityGlobals) = postSolution
		SolutionGuid = {9EFFF519-1B79-4FF9-8C67-056A0A12C9D0}
	EndGlobalSection
EndGlobal
