
Microsoft Visual Studio Solution File, Format Version 12.00
# Visual Studio Version 17
VisualStudioVersion = 17.14.36603.0 d17.14
MinimumVisualStudioVersion = 10.0.40219.1
Project("{FAE04EC0-301F-11D3-BF4B-00C04F79EFBC}") = "Es_1_Dependency_Injection", "Es_1_Dependency_Injection\Es_1_Dependency_Injection.csproj", "{F173455C-1F39-4DDE-B16C-8732889259F3}"
EndProject
Global
	GlobalSection(SolutionConfigurationPlatforms) = preSolution
		Debug|Any CPU = Debug|Any CPU
		Release|Any CPU = Release|Any CPU
	EndGlobalSection
	GlobalSection(ProjectConfigurationPlatforms) = postSolution
		{F173455C-1F39-4DDE-B16C-8732889259F3}.Debug|Any CPU.ActiveCfg = Debug|Any CPU
		{F173455C-1F39-4DDE-B16C-8732889259F3}.Debug|Any CPU.Build.0 = Debug|Any CPU
		{F173455C-1F39-4DDE-B16C-8732889259F3}.Release|Any CPU.ActiveCfg = Release|Any CPU
		{F173455C-1F39-4DDE-B16C-8732889259F3}.Release|Any CPU.Build.0 = Release|Any CPU
	EndGlobalSection
	GlobalSection(SolutionProperties) = preSolution
		HideSolutionNode = FALSE
	EndGlobalSection
	GlobalSection(ExtensibilityGlobals) = postSolution
		SolutionGuid = {31F98AC1-1977-4E71-B763-A858C2E5CF83}
	EndGlobalSection
EndGlobal
