
Microsoft Visual Studio Solution File, Format Version 12.00
# Visual Studio Version 17
VisualStudioVersion = 17.14.36603.0 d17.14
MinimumVisualStudioVersion = 10.0.40219.1
Project("{FAE04EC0-301F-11D3-BF4B-00C04F79EFBC}") = "Es_Dizionari_E_Pattern", "Es_Dizionari_E_Pattern\Es_Dizionari_E_Pattern.csproj", "{D40CDF60-3909-4299-B32D-787B78865032}"
EndProject
Global
	GlobalSection(SolutionConfigurationPlatforms) = preSolution
		Debug|Any CPU = Debug|Any CPU
		Release|Any CPU = Release|Any CPU
	EndGlobalSection
	GlobalSection(ProjectConfigurationPlatforms) = postSolution
		{D40CDF60-3909-4299-B32D-787B78865032}.Debug|Any CPU.ActiveCfg = Debug|Any CPU
		{D40CDF60-3909-4299-B32D-787B78865032}.Debug|Any CPU.Build.0 = Debug|Any CPU
		{D40CDF60-3909-4299-B32D-787B78865032}.Release|Any CPU.ActiveCfg = Release|Any CPU
		{D40CDF60-3909-4299-B32D-787B78865032}.Release|Any CPU.Build.0 = Release|Any CPU
	EndGlobalSection
	GlobalSection(SolutionProperties) = preSolution
		HideSolutionNode = FALSE
	EndGlobalSection
	GlobalSection(ExtensibilityGlobals) = postSolution
		SolutionGuid = {EC0E038F-935B-4CDF-8CA5-91528E290497}
	EndGlobalSection
EndGlobal
