
Microsoft Visual Studio Solution File, Format Version 12.00
# Visual Studio Version 17
VisualStudioVersion = 17.14.36518.9 d17.14
MinimumVisualStudioVersion = 10.0.40219.1
Project("{FAE04EC0-301F-11D3-BF4B-00C04F79EFBC}") = "EsempioPersona", "EsempioPersona.csproj", "{639771A8-3D9A-473D-A86A-B4265A73A36A}"
EndProject
Global
	GlobalSection(SolutionConfigurationPlatforms) = preSolution
		Debug|Any CPU = Debug|Any CPU
		Release|Any CPU = Release|Any CPU
	EndGlobalSection
	GlobalSection(ProjectConfigurationPlatforms) = postSolution
		{639771A8-3D9A-473D-A86A-B4265A73A36A}.Debug|Any CPU.ActiveCfg = Debug|Any CPU
		{639771A8-3D9A-473D-A86A-B4265A73A36A}.Debug|Any CPU.Build.0 = Debug|Any CPU
		{639771A8-3D9A-473D-A86A-B4265A73A36A}.Release|Any CPU.ActiveCfg = Release|Any CPU
		{639771A8-3D9A-473D-A86A-B4265A73A36A}.Release|Any CPU.Build.0 = Release|Any CPU
	EndGlobalSection
	GlobalSection(SolutionProperties) = preSolution
		HideSolutionNode = FALSE
	EndGlobalSection
	GlobalSection(ExtensibilityGlobals) = postSolution
		SolutionGuid = {B14B599B-5F4C-4425-A6DB-F5BA382C511C}
	EndGlobalSection
EndGlobal
